PODS:
  - Flutter (1.0.0)
  - InAppStory (1.24.16)
  - inappstory_plugin (0.0.1):
    - Flutter
    - InAppStory (= 1.24.16)
  - integration_test (0.0.1):
    - Flutter

DEPENDENCIES:
  - Flutter (from `Flutter`)
  - inappstory_plugin (from `.symlinks/plugins/inappstory_plugin/ios`)
  - integration_test (from `.symlinks/plugins/integration_test/ios`)

SPEC REPOS:
  trunk:
    - InAppStory

EXTERNAL SOURCES:
  Flutter:
    :path: Flutter
  inappstory_plugin:
    :path: ".symlinks/plugins/inappstory_plugin/ios"
  integration_test:
    :path: ".symlinks/plugins/integration_test/ios"

SPEC CHECKSUMS:
  Flutter: e0871f40cf51350855a761d2e70bf5af5b9b5de7
  InAppStory: 26d239c0003a0de75f698b9ffb890ea666240d70
  inappstory_plugin: aa925888d1d54111db663dc8aa2b4bdc0c228aee
  integration_test: 4a889634ef21a45d28d50d622cf412dc6d9f586e

PODFILE CHECKSUM: 819463e6a0290f5a72f145ba7cde16e8b6ef0796

COCOAPODS: 1.16.2
