PODS:
  - Flutter (1.0.0)
  - InAppStory (1.25.3)
  - inappstory_plugin (0.0.4):
    - Flutter
    - InAppStory (= 1.25.3)
  - integration_test (0.0.1):
    - Flutter

DEPENDENCIES:
  - Flutter (from `Flutter`)
  - inappstory_plugin (from `.symlinks/plugins/inappstory_plugin/ios`)
  - integration_test (from `.symlinks/plugins/integration_test/ios`)

SPEC REPOS:
  trunk:
    - InAppStory

EXTERNAL SOURCES:
  Flutter:
    :path: Flutter
  inappstory_plugin:
    :path: ".symlinks/plugins/inappstory_plugin/ios"
  integration_test:
    :path: ".symlinks/plugins/integration_test/ios"

SPEC CHECKSUMS:
  Flutter: e0871f40cf51350855a761d2e70bf5af5b9b5de7
  InAppStory: 16ade5312603e2a3017678f5a380aad0ae73cbbe
  inappstory_plugin: a8779a8df8488463fd88a3f5a3a798e8d5098a7f
  integration_test: 4a889634ef21a45d28d50d622cf412dc6d9f586e

PODFILE CHECKSUM: 819463e6a0290f5a72f145ba7cde16e8b6ef0796

COCOAPODS: 1.16.2
