{
  "pins" : [
    {
      "identity" : "ias-ios-spm",
      "kind" : "remoteSourceControl",
      "location" : "https://github.com/inappstory/IAS-iOS-SPM.git",
      "state" : {
        "revision" : "9152a564857a9368f51d25f18dd37c05af314ea0",
        "version" : "1.29.8"
      }
    }
  ],
  "version" : 2
}
