PODS:
  - Flutter (1.0.0)
  - InAppStory (1.25.4)
  - inappstory_plugin (0.1.5):
    - Flutter
    - InAppStory (= 1.25.4)
  - video_player_avfoundation (0.0.1):
    - Flutter
    - FlutterMacOS

DEPENDENCIES:
  - Flutter (from `Flutter`)
  - inappstory_plugin (from `.symlinks/plugins/inappstory_plugin/ios`)
  - video_player_avfoundation (from `.symlinks/plugins/video_player_avfoundation/darwin`)

SPEC REPOS:
  trunk:
    - InAppStory

EXTERNAL SOURCES:
  Flutter:
    :path: Flutter
  inappstory_plugin:
    :path: ".symlinks/plugins/inappstory_plugin/ios"
  video_player_avfoundation:
    :path: ".symlinks/plugins/video_player_avfoundation/darwin"

SPEC CHECKSUMS:
  Flutter: e0871f40cf51350855a761d2e70bf5af5b9b5de7
  InAppStory: 65ab4b0c3a3248829bfb286f8e619ad943f99302
  inappstory_plugin: 14c2aa81fc5f210a5aeb161c90e498a2893a5e01
  video_player_avfoundation: 2cef49524dd1f16c5300b9cd6efd9611ce03639b

PODFILE CHECKSUM: 4305caec6b40dde0ae97be1573c53de1882a07e5

COCOAPODS: 1.16.2
