{
  "pins" : [
    {
      "identity" : "ias-ios-spm",
      "kind" : "remoteSourceControl",
      "location" : "https://github.com/inappstory/IAS-iOS-SPM.git",
      "state" : {
        "revision" : "dba5f75186e6d3da9a0d8144067699a0987895f6",
        "version" : "1.29.8"
      }
    }
  ],
  "version" : 2
}
